
Microsoft Visual Studio Solution File, Format Version 12.00
# Visual Studio 15
VisualStudioVersion = 15.0.28307.168
MinimumVisualStudioVersion = 10.0.40219.1
Project("{FAE04EC0-301F-11D3-BF4B-00C04F79EFBC}") = "MessageHub", "MessageHub\MessageHub.csproj", "{BF8FB931-E0D7-453B-B792-72EEF9FC7DED}"
EndProject
Project("{FAE04EC0-301F-11D3-BF4B-00C04F79EFBC}") = "ClientConsole", "ClientConsole\ClientConsole.csproj", "{CAF933CE-B893-4646-BB5D-0202FB22FFD1}"
EndProject
Project("{FAE04EC0-301F-11D3-BF4B-00C04F79EFBC}") = "ClientConsole2", "ClientConsole2\ClientConsole2.csproj", "{5EF06B3A-46A5-42AC-92B4-87EC3934E5D6}"
EndProject
Global
	GlobalSection(SolutionConfigurationPlatforms) = preSolution
		Debug|Any CPU = Debug|Any CPU
		Release|Any CPU = Release|Any CPU
	EndGlobalSection
	GlobalSection(ProjectConfigurationPlatforms) = postSolution
		{BF8FB931-E0D7-453B-B792-72EEF9FC7DED}.Debug|Any CPU.ActiveCfg = Debug|Any CPU
		{BF8FB931-E0D7-453B-B792-72EEF9FC7DED}.Debug|Any CPU.Build.0 = Debug|Any CPU
		{BF8FB931-E0D7-453B-B792-72EEF9FC7DED}.Release|Any CPU.ActiveCfg = Release|Any CPU
		{BF8FB931-E0D7-453B-B792-72EEF9FC7DED}.Release|Any CPU.Build.0 = Release|Any CPU
		{CAF933CE-B893-4646-BB5D-0202FB22FFD1}.Debug|Any CPU.ActiveCfg = Debug|Any CPU
		{CAF933CE-B893-4646-BB5D-0202FB22FFD1}.Debug|Any CPU.Build.0 = Debug|Any CPU
		{CAF933CE-B893-4646-BB5D-0202FB22FFD1}.Release|Any CPU.ActiveCfg = Release|Any CPU
		{CAF933CE-B893-4646-BB5D-0202FB22FFD1}.Release|Any CPU.Build.0 = Release|Any CPU
		{5EF06B3A-46A5-42AC-92B4-87EC3934E5D6}.Debug|Any CPU.ActiveCfg = Debug|Any CPU
		{5EF06B3A-46A5-42AC-92B4-87EC3934E5D6}.Debug|Any CPU.Build.0 = Debug|Any CPU
		{5EF06B3A-46A5-42AC-92B4-87EC3934E5D6}.Release|Any CPU.ActiveCfg = Release|Any CPU
		{5EF06B3A-46A5-42AC-92B4-87EC3934E5D6}.Release|Any CPU.Build.0 = Release|Any CPU
	EndGlobalSection
	GlobalSection(SolutionProperties) = preSolution
		HideSolutionNode = FALSE
	EndGlobalSection
	GlobalSection(ExtensibilityGlobals) = postSolution
		SolutionGuid = {BEA98228-0CC3-4DE7-A449-1CD78896EEA2}
	EndGlobalSection
EndGlobal
